
Microsoft Visual Studio Solution File, Format Version 12.00
# Visual Studio 15
VisualStudioVersion = 15.0.28307.1267
MinimumVisualStudioVersion = 10.0.40219.1
Project("{FAE04EC0-301F-11D3-BF4B-00C04F79EFBC}") = "INETOptions", "INETOptions\INETOptions.csproj", "{D2DB34F8-50E2-438E-85F1-9206D442F178}"
EndProject
Global
	GlobalSection(SolutionConfigurationPlatforms) = preSolution
		Debug|Any CPU = Debug|Any CPU
		Release|Any CPU = Release|Any CPU
	EndGlobalSection
	GlobalSection(ProjectConfigurationPlatforms) = postSolution
		{D2DB34F8-50E2-438E-85F1-9206D442F178}.Debug|Any CPU.ActiveCfg = Debug|Any CPU
		{D2DB34F8-50E2-438E-85F1-9206D442F178}.Debug|Any CPU.Build.0 = Debug|Any CPU
		{D2DB34F8-50E2-438E-85F1-9206D442F178}.Release|Any CPU.ActiveCfg = Release|Any CPU
		{D2DB34F8-50E2-438E-85F1-9206D442F178}.Release|Any CPU.Build.0 = Release|Any CPU
	EndGlobalSection
	GlobalSection(SolutionProperties) = preSolution
		HideSolutionNode = FALSE
	EndGlobalSection
	GlobalSection(ExtensibilityGlobals) = postSolution
		SolutionGuid = {A51446D5-6B0F-4672-BA42-3BB277E46560}
	EndGlobalSection
EndGlobal
